github.com/VidarSolutions/Lib/Countries v0.0.0-20240801104624-7f51dcdd5323 h1:2jK893HqV/QhmnsmGmibBPeoaOby/NuX4Pjxd5yRB2Q=
github.com/VidarSolutions/Lib/Countries v0.0.0-20240801104624-7f51dcdd5323/go.mod h1:mZSqvG0CstHrbVF/QJ9vMinCUGXqFTpoUPji/6/IZLQ=
github.com/VidarSolutions/Lib/Countries v0.0.0-20240801221031-da55a42431e7 h1:6zxeZC27bXFCnqRIoiopjqDLTwcu9t/ZBlporUfNS2w=
github.com/VidarSolutions/Lib/Countries v0.0.0-20240801221031-da55a42431e7/go.mod h1:mZSqvG0CstHrbVF/QJ9vMinCUGXqFTpoUPji/6/IZLQ=
github.com/VidarSolutions/Lib/Dates v0.0.0-20240801221031-da55a42431e7 h1:So6tmDs+b+lwHxm7YuNSXRn4B2hbccrNwiw8Ji3eQj0=
github.com/VidarSolutions/Lib/Dates v0.0.0-20240801221031-da55a42431e7/go.mod h1:b3IXRpgWwc2JvwIxDLxc7Bw2vYousOsd4WbcxUh7fZ8=
github.com/VidarSolutions/Lib/Files v0.0.0-20240801104624-7f51dcdd5323 h1:R+9bMwsa5M8PaiGx0MdwkXEK8RhWW+W3YvYy49DBZTg=
github.com/VidarSolutions/Lib/Files v0.0.0-20240801104624-7f51dcdd5323/go.mod h1:xYqzfLn0gRJ5ORVUQXGAZckwbVhXp8cMiBj0i+TdfII=
github.com/VidarSolutions/Lib/Files v0.0.0-20240801221031-da55a42431e7 h1:NqX1F85COF7xKJ/C2Re6iqci37X+l/UY8pUNat8EBg4=
github.com/VidarSolutions/Lib/Files v0.0.0-20240801221031-da55a42431e7/go.mod h1:xYqzfLn0gRJ5ORVUQXGAZckwbVhXp8cMiBj0i+TdfII=
github.com/VidarSolutions/Lib/Log v0.0.0-20240801104624-7f51dcdd5323 h1:77CiRjS9MgXFNbzQSADcU1mKRSsHCOdoGMvNdWuWXUo=
github.com/VidarSolutions/Lib/Log v0.0.0-20240801104624-7f51dcdd5323/go.mod h1:VtEI4qETDel/UvOD+69PhHq8im76JPc+39AMNvLOCNQ=
github.com/VidarSolutions/Lib/Log v0.0.0-20240801221031-da55a42431e7 h1:rwswJpSxIcf3jjSoWOF5+h11ZiRlD+cTRIU5FyEwQ8M=
github.com/VidarSolutions/Lib/Log v0.0.0-20240801221031-da55a42431e7/go.mod h1:VtEI4qETDel/UvOD+69PhHq8im76JPc+39AMNvLOCNQ=
github.com/VidarSolutions/Lib/Maps v0.0.0-20240801104624-7f51dcdd5323 h1:PPYIOiXG7h7VctO6LhxH6Fy3lU8aDse1bLWSOv5vuyc=
github.com/VidarSolutions/Lib/Maps v0.0.0-20240801104624-7f51dcdd5323/go.mod h1:uyJ5eZx8koheTOVvpA/dagk4ZWCUn8b0TE+8nGH3Vko=
github.com/VidarSolutions/Lib/Maps v0.0.0-20240801220952-96d1cd883499 h1:txyntp1AW+VHUz7oqdG/oPvp1hgWsEQNB+PTBzc0xRk=
github.com/VidarSolutions/Lib/Maps v0.0.0-20240801220952-96d1cd883499/go.mod h1:uyJ5eZx8koheTOVvpA/dagk4ZWCUn8b0TE+8nGH3Vko=
github.com/VidarSolutions/Lib/Maps v0.0.0-20240801222539-402d40ad7eb5 h1:nJsql0WpCKnwyuU2VQrrhb+1fAnqAc2Ew8zDPCF3wTc=
github.com/VidarSolutions/Lib/Maps v0.0.0-20240801222539-402d40ad7eb5/go.mod h1:uyJ5eZx8koheTOVvpA/dagk4ZWCUn8b0TE+8nGH3Vko=
